
Microsoft Visual Studio Solution File, Format Version 12.00
# Visual Studio 15
VisualStudioVersion = 15.0.27130.2036
MinimumVisualStudioVersion = 10.0.40219.1
Project("{FAE04EC0-301F-11D3-BF4B-00C04F79EFBC}") = "Film", "Film\Film.csproj", "{803D0975-DC43-428B-86F2-4878F5302E34}"
EndProject
Global
	GlobalSection(SolutionConfigurationPlatforms) = preSolution
		Debug|Any CPU = Debug|Any CPU
		Release|Any CPU = Release|Any CPU
	EndGlobalSection
	GlobalSection(ProjectConfigurationPlatforms) = postSolution
		{803D0975-DC43-428B-86F2-4878F5302E34}.Debug|Any CPU.ActiveCfg = Debug|Any CPU
		{803D0975-DC43-428B-86F2-4878F5302E34}.Debug|Any CPU.Build.0 = Debug|Any CPU
		{803D0975-DC43-428B-86F2-4878F5302E34}.Release|Any CPU.ActiveCfg = Release|Any CPU
		{803D0975-DC43-428B-86F2-4878F5302E34}.Release|Any CPU.Build.0 = Release|Any CPU
	EndGlobalSection
	GlobalSection(SolutionProperties) = preSolution
		HideSolutionNode = FALSE
	EndGlobalSection
	GlobalSection(ExtensibilityGlobals) = postSolution
		SolutionGuid = {FFD37A48-7A94-443F-B4E2-9DE49E251FED}
	EndGlobalSection
EndGlobal
